schema: '2.0'
stages:
  synthetic:
    cmd: python -m cnbr synthetic-run --config configs/data/synthetic.yaml
    deps:
    - path: configs/data/synthetic.yaml
      hash: md5
      md5: 987ab3dde3dfde5c070fd3b1f06442ca
      size: 303
    - path: src/cnbr/__main__.py
      hash: md5
      md5: a9c88551e985b4280c50b9475f1fcdb8
      size: 65
    - path: src/cnbr/cli.py
      hash: md5
      md5: fb5d204a6fbf9f6b841351d420a0369e
      size: 11332
    - path: src/cnbr/config.py
      hash: md5
      md5: d5827f638b601ff323bff275cefb2c3e
      size: 20834
    - path: src/cnbr/logging.py
      hash: md5
      md5: 0db16ad957d085f020e18e930c38c87a
      size: 694
    - path: src/cnbr/run_context.py
      hash: md5
      md5: acbffdb065856e761e18c8707d073282
      size: 1832
    - path: src/cnbr/synthetic.py
      hash: md5
      md5: fcf8743f1da0a9b702b5f6afdda51312
      size: 4377
    - path: tests/fixtures/synthetic_calls.jsonl
      hash: md5
      md5: 40c8061022e68ae29aca41f7695beeef
      size: 2244
    outs:
    - path: data/features/synthetic_company_quarter.parquet
      hash: md5
      md5: feb700ab172f4c6c4c636f8ad294d4ae
      size: 3434
    - path: data/interim/synthetic_calls.parquet
      hash: md5
      md5: 008ca2efd053afd146257ece3cd9efe2
      size: 5108
    - path: reports/tables/synthetic_run.json
      hash: md5
      md5: cd7f82592852814629a7c0f09a896377
      size: 758
    - path: reports/tables/synthetic_summary.csv
      hash: md5
      md5: 75e7211a10f6c7eb526875247a9d1a31
      size: 88
  universe:
    cmd: python -m cnbr universe-build --config 
      configs/data/consumer_staples_universe.yaml
    deps:
    - path: configs/data/consumer_staples_universe.yaml
      hash: md5
      md5: af63f5e79a69cf27dcdd43a3b2b983dc
      size: 549
    - path: src/cnbr/config.py
      hash: md5
      md5: d5827f638b601ff323bff275cefb2c3e
      size: 20834
    - path: src/cnbr/registry
      hash: md5
      md5: 552af0294913a3fce7b481a83a8ea155.dir
      size: 10800
      nfiles: 4
    outs:
    - path: data/curated/company_universe-2026-09-05.manifest.json
      hash: md5
      md5: 45027ccdf1097aebf0474c3724a64cbb
      size: 701
    - path: data/curated/company_universe-2026-09-05.parquet
      hash: md5
      md5: 57d815c4cb7200cccc7493b57c06170c
      size: 6619
    - path: data/raw/reference/sp500-constituents-2026-09-05.csv
      hash: md5
      md5: 38e29d9064c87fe2dcfaaa83c34308d2
      size: 53646
  sec_spike:
    cmd: python -m cnbr sec-spike --config 
      configs/data/sec_feasibility_spike.yaml
    deps:
    - path: configs/data/sec_feasibility_spike.yaml
      hash: md5
      md5: 21a6ca0214ca14fdd6fe048b90ce3e1e
      size: 706
    - path: src/cnbr/config.py
      hash: md5
      md5: d5827f638b601ff323bff275cefb2c3e
      size: 20834
    - path: src/cnbr/sources/sec.py
      hash: md5
      md5: 8d8c2463a3f5c0d39689a8ec4019529f
      size: 5650
    - path: src/cnbr/sources/sec_acquisition.py
      hash: md5
      md5: 021c8307d8ff3fc0ea852d83c64f1836
      size: 8710
    outs:
    - path: data/raw/sec/feasibility-2026-09-05
      hash: md5
      md5: 9ac588a7aed2b3e4ba196c7d97d81533.dir
      size: 21842180
      nfiles: 13
    - path: data/raw/sec/feasibility-2026-09-05.manifest.json
      hash: md5
      md5: cda5b9f6c97d2903a054d01c6493065b
      size: 5212
  sec_coverage:
    cmd: python -m cnbr sec-coverage --config 
      configs/data/sec_concept_coverage.yaml
    deps:
    - path: configs/data/sec_concept_coverage.yaml
      hash: md5
      md5: 7283c0d915ee9af5ca19158f2d90c0a3
      size: 761
    - path: data/raw/sec/feasibility-2026-09-05
      hash: md5
      md5: 9ac588a7aed2b3e4ba196c7d97d81533.dir
      size: 21842180
      nfiles: 13
    - path: src/cnbr/config.py
      hash: md5
      md5: d5827f638b601ff323bff275cefb2c3e
      size: 20834
    - path: src/cnbr/financials/coverage.py
      hash: md5
      md5: 96454088af13dc877b80eec5f439bc05
      size: 6572
    outs:
    - path: reports/tables/sec_concept_coverage.csv
      hash: md5
      md5: 26dba81ca1b31cd082f914a2e13ce100
      size: 2608
    - path: reports/tables/sec_concept_coverage.json
      hash: md5
      md5: c0ea10fa6939cf8eb89268847d10c04f
      size: 2291
  sec_filing_index:
    cmd: python -m cnbr sec-filing-index --config 
      configs/data/sec_filing_index.yaml
    deps:
    - path: configs/data/sec_filing_index.yaml
      hash: md5
      md5: cc05afdd9e55cc955b54aa30c3ce6dde
      size: 237
    - path: data/raw/sec/feasibility-2026-09-05
      hash: md5
      md5: 9ac588a7aed2b3e4ba196c7d97d81533.dir
      size: 21842180
      nfiles: 13
    - path: src/cnbr/config.py
      hash: md5
      md5: d5827f638b601ff323bff275cefb2c3e
      size: 20834
    - path: src/cnbr/financials/filing_index.py
      hash: md5
      md5: 18d4e0f0404e4f3ba0ae705c6087b6a7
      size: 6393
    outs:
    - path: data/curated/sec_filing_index-2017-2024.parquet
      hash: md5
      md5: 60facf6e315a5e22ab7c9b56b72aefd6
      size: 9351
    - path: reports/tables/sec_filing_index-2017-2024.json
      hash: md5
      md5: 0714aa8ceeab05cdf260ba607fc9dcfc
      size: 2475
  strux_ingest:
    cmd: python -m cnbr strux-ingest --config configs/data/strux.yaml
    deps:
    - path: configs/data/strux.yaml
      hash: md5
      md5: 7d02b25a77f46fd4650dbae522c552de
      size: 997
    - path: data/curated/company_universe-2026-09-05.parquet
      hash: md5
      md5: 57d815c4cb7200cccc7493b57c06170c
      size: 6619
    - path: src/cnbr/config.py
      hash: md5
      md5: d5827f638b601ff323bff275cefb2c3e
      size: 20834
    - path: src/cnbr/sources/strux.py
      hash: md5
      md5: 091ee8c031ed43dfa817966e6602f48e
      size: 6294
    outs:
    - path: data/interim/strux-consumer-staples-2026-09-05.manifest.json
      hash: md5
      md5: c5424ffbc4cba170c259d7eda3bbbb11
      size: 1776
    - path: data/interim/strux-consumer-staples-2026-09-05.parquet
      hash: md5
      md5: 5dd7a3d72d1c94ed23a67c30691eba4a
      size: 8884666
    - path: data/raw/strux
      hash: md5
      md5: 8287d8ec0572ac65d7c54aa088f91981.dir
      size: 295339860
      nfiles: 2
  transcript_audit:
    cmd: python -m cnbr transcript-audit --config configs/data/audit.yaml
    deps:
    - path: configs/data/audit.yaml
      hash: md5
      md5: 5eac37bdbb559372c50e7de4c8f0d30b
      size: 285
    - path: data/interim/strux-consumer-staples-2026-09-05.parquet
      hash: md5
      md5: 5dd7a3d72d1c94ed23a67c30691eba4a
      size: 8884666
    - path: src/cnbr/config.py
      hash: md5
      md5: d5827f638b601ff323bff275cefb2c3e
      size: 20834
    - path: src/cnbr/transcripts/audit.py
      hash: md5
      md5: 6f3599b9810f43a3c2f8fa248989aa7a
      size: 5386
    outs:
    - path: reports/tables/strux_call_quality.csv
      hash: md5
      md5: 8eb8da9f8dfb27b3ee8e8cdcacf16148
      size: 29638
    - path: reports/tables/strux_company_coverage.csv
      hash: md5
      md5: ad417c3e6403eb1468ad8488681dac1d
      size: 1942
    - path: reports/tables/strux_transcript_audit.json
      hash: md5
      md5: 0b3f527d76e52c220f9f8f0fadcae01f
      size: 1064
  transcript_normalize:
    cmd: python -m cnbr transcript-normalize --config configs/data/norm.yaml
    deps:
    - path: configs/data/norm.yaml
      hash: md5
      md5: c6fcf4bfeed5f1355c90907d6eb579f0
      size: 552
    - path: data/curated/company_universe-2026-09-05.parquet
      hash: md5
      md5: 57d815c4cb7200cccc7493b57c06170c
      size: 6619
    - path: data/interim/strux-consumer-staples-2026-09-05.parquet
      hash: md5
      md5: 5dd7a3d72d1c94ed23a67c30691eba4a
      size: 8884666
    - path: src/cnbr/config.py
      hash: md5
      md5: d5827f638b601ff323bff275cefb2c3e
      size: 20834
    - path: src/cnbr/transcripts/normalize.py
      hash: md5
      md5: 676150448ad0a076ac5eeb10d21d41e9
      size: 10573
    outs:
    - path: data/curated/calls.parquet
      hash: md5
      md5: 8606511fcf42d610b7cc2f42d2037355
      size: 29463
    - path: data/curated/participants.parquet
      hash: md5
      md5: 7d92ffb1feac980dd45f58bc4e2d200c
      size: 350500
    - path: data/curated/transcript_normalization.manifest.json
      hash: md5
      md5: 47eb2ee837f109b77c317e3b70f70395
      size: 995
    - path: data/curated/utterances.parquet
      hash: md5
      md5: 23a4457ac1556d75b38f7681fac271fd
      size: 15679382
  fiscal_align:
    cmd: python -m cnbr fiscal-align --config configs/data/align.yaml
    deps:
    - path: configs/data/align.yaml
      hash: md5
      md5: fd9e3469fd859c14f995d0ed9753db1f
      size: 869
    - path: data/curated/calls.parquet
      hash: md5
      md5: 8606511fcf42d610b7cc2f42d2037355
      size: 29463
    - path: data/curated/company_universe-2026-09-05.parquet
      hash: md5
      md5: 57d815c4cb7200cccc7493b57c06170c
      size: 6619
    - path: data/curated/sec_filing_index-2017-2024.parquet
      hash: md5
      md5: 60facf6e315a5e22ab7c9b56b72aefd6
      size: 9351
    - path: data/raw/sec/feasibility-2026-09-05
      hash: md5
      md5: 9ac588a7aed2b3e4ba196c7d97d81533.dir
      size: 21842180
      nfiles: 13
    - path: src/cnbr/config.py
      hash: md5
      md5: d5827f638b601ff323bff275cefb2c3e
      size: 20834
    - path: src/cnbr/contracts/registry.py
      hash: md5
      md5: e7e96e0773b9bb33551a0dd2b1da0e61
      size: 5833
    - path: src/cnbr/financials/alignment.py
      hash: md5
      md5: 07d5e0b0db9954ca7fa77874a7eb0844
      size: 11621
    outs:
    - path: data/curated/call_fiscal_mappings.parquet
      hash: md5
      md5: df23d3c26f753bd3eab6fb6260ce14dd
      size: 8831
    - path: data/curated/fiscal_periods.parquet
      hash: md5
      md5: acba637d861ad4165f3413739735fd19
      size: 12405
    - path: reports/tables/fiscal_alignment.json
      hash: md5
      md5: 850f27e0684def3222c427c2eb6c7e43
      size: 1605
  financial_extract:
    cmd: python -m cnbr financial-extract --config configs/data/facts.yaml
    deps:
    - path: configs/data/facts.yaml
      hash: md5
      md5: 27d3586051e6fd69222c40662faa25c4
      size: 659
    - path: data/curated/company_universe-2026-09-05.parquet
      hash: md5
      md5: 57d815c4cb7200cccc7493b57c06170c
      size: 6619
    - path: data/curated/sec_filing_index-2017-2024.parquet
      hash: md5
      md5: 60facf6e315a5e22ab7c9b56b72aefd6
      size: 9351
    - path: data/raw/sec/feasibility-2026-09-05
      hash: md5
      md5: 9ac588a7aed2b3e4ba196c7d97d81533.dir
      size: 21842180
      nfiles: 13
    - path: src/cnbr/config.py
      hash: md5
      md5: d5827f638b601ff323bff275cefb2c3e
      size: 20834
    - path: src/cnbr/financials/extract.py
      hash: md5
      md5: 509b721e81782a70120b80dd7cb245bd
      size: 7564
    outs:
    - path: data/interim/financial_fact_occurrences.parquet
      hash: md5
      md5: 680e94864825fd938f612a9531640491
      size: 118560
    - path: reports/tables/financial_fact_extraction.json
      hash: md5
      md5: da6b82a12f2b835cc6dc16111cac9623
      size: 1821
  financial_normalize:
    cmd: python -m cnbr financial-normalize --config configs/data/values.yaml
    deps:
    - path: configs/data/values.yaml
      hash: md5
      md5: e5375fa0126f5b926dd2e233c8d46279
      size: 909
    - path: data/curated/company_universe-2026-09-05.parquet
      hash: md5
      md5: 57d815c4cb7200cccc7493b57c06170c
      size: 6619
    - path: data/curated/fiscal_periods.parquet
      hash: md5
      md5: acba637d861ad4165f3413739735fd19
      size: 12405
    - path: data/curated/sec_filing_index-2017-2024.parquet
      hash: md5
      md5: 60facf6e315a5e22ab7c9b56b72aefd6
      size: 9351
    - path: data/interim/financial_fact_occurrences.parquet
      hash: md5
      md5: 680e94864825fd938f612a9531640491
      size: 118560
    - path: src/cnbr/config.py
      hash: md5
      md5: d5827f638b601ff323bff275cefb2c3e
      size: 20834
    - path: src/cnbr/financials/normalize.py
      hash: md5
      md5: f2bf280c1cde2b649e941564a197f3b7
      size: 8720
    outs:
    - path: data/curated/financial_values.parquet
      hash: md5
      md5: 969541a71d281a8453258519a2ce627b
      size: 35211
    - path: reports/tables/financial_normalization.json
      hash: md5
      md5: 3ed66a4e76b45bd71ecc500f75a8f91e
      size: 712
  financial_features:
    cmd: python -m cnbr financial-features --config configs/data/features.yaml
    deps:
    - path: configs/data/features.yaml
      hash: md5
      md5: 7b7347a94977b6de2f8fe8fc90803083
      size: 180
    - path: data/curated/financial_values.parquet
      hash: md5
      md5: 969541a71d281a8453258519a2ce627b
      size: 35211
    - path: src/cnbr/config.py
      hash: md5
      md5: d5827f638b601ff323bff275cefb2c3e
      size: 20834
    - path: src/cnbr/financials/features.py
      hash: md5
      md5: 541eb2c5711fd37c071446d1bcbced56
      size: 7604
    outs:
    - path: data/features/financial_features.parquet
      hash: md5
      md5: abd6d4b7231504e83eb72c35502e0451
      size: 64176
    - path: reports/tables/financial_features.json
      hash: md5
      md5: 9f8c0f964c0c4b8382d2b209a4f30449
      size: 750
  narrative_features:
    cmd: python -m cnbr narrative-features --config configs/data/narrative.yaml
    deps:
    - path: configs/data/narrative.yaml
      hash: md5
      md5: 16fceb551abc9748d500a766de74cb27
      size: 327
    - path: data/curated/call_fiscal_mappings.parquet
      hash: md5
      md5: df23d3c26f753bd3eab6fb6260ce14dd
      size: 8831
    - path: data/curated/utterances.parquet
      hash: md5
      md5: 23a4457ac1556d75b38f7681fac271fd
      size: 15679382
    - path: src/cnbr/config.py
      hash: md5
      md5: d5827f638b601ff323bff275cefb2c3e
      size: 20834
    - path: src/cnbr/transcripts/features.py
      hash: md5
      md5: 949aafc4da04c52f7fc13364ac2cc83f
      size: 4935
    outs:
    - path: data/features/narrative_structure_features.parquet
      hash: md5
      md5: 77d97f4812ce3f99d756cfe95b681bf4
      size: 17877
    - path: reports/tables/narrative_structure_features.json
      hash: md5
      md5: 421e8851414e1e308b2b00513a3fb73a
      size: 663
  panel_build:
    cmd: python -m cnbr panel-build --config configs/data/panel.yaml
    deps:
    - path: configs/data/panel.yaml
      hash: md5
      md5: bb31c9865cea1307f63c04731a6f53f8
      size: 473
    - path: data/features/financial_features.parquet
      hash: md5
      md5: abd6d4b7231504e83eb72c35502e0451
      size: 64176
    - path: data/features/narrative_structure_features.parquet
      hash: md5
      md5: 77d97f4812ce3f99d756cfe95b681bf4
      size: 17877
    - path: src/cnbr/analysis/panel.py
      hash: md5
      md5: cc87251671c369ab2df51cc6a54bb75d
      size: 3429
    - path: src/cnbr/config.py
      hash: md5
      md5: d5827f638b601ff323bff275cefb2c3e
      size: 20834
    outs:
    - path: data/analytical/thin_slice_panel.parquet
      hash: md5
      md5: 944292a8c7310d9437f4f0831339b826
      size: 33573
    - path: reports/tables/thin_slice_panel.json
      hash: md5
      md5: dd48ac50d0f6516fffe4749eef172e64
      size: 749
  lexical_baseline:
    cmd: python -m cnbr lexical-baseline --config
      configs/data/lexical_baseline.yaml
    deps:
    - path: configs/data/lexical_baseline.yaml
      hash: md5
      md5: b588ce6658f7a64a57c0b7debfc8a1ad
      size: 1331
    - path: data/curated/call_fiscal_mappings.parquet
      hash: md5
      md5: df23d3c26f753bd3eab6fb6260ce14dd
      size: 8831
    - path: data/curated/utterances.parquet
      hash: md5
      md5: 23a4457ac1556d75b38f7681fac271fd
      size: 15679382
    - path: src/cnbr/config.py
      hash: md5
      md5: d5827f638b601ff323bff275cefb2c3e
      size: 20834
    - path: src/cnbr/transcripts/lexical.py
      hash: md5
      md5: 0a9af5547e47f5d4ad92736ad60587e6
      size: 5225
    outs:
    - path: data/features/lexical_discovery_baseline.parquet
      hash: md5
      md5: 30960a0cb06c3578529cdf847c7602bc
      size: 26268
    - path: reports/tables/lexical_discovery_baseline.json
      hash: md5
      md5: 8639e5f7e1248a651443772e2e366235
      size: 791
  financial_reconcile:
    cmd: python -m cnbr financial-reconcile --config
      configs/data/financial_reconcile.yaml
    deps:
    - path: configs/data/financial_reconcile.yaml
      hash: md5
      md5: 0268c9049caea5f6d51a732c0419904a
      size: 292
    - path: data/curated/financial_values.parquet
      hash: md5
      md5: 969541a71d281a8453258519a2ce627b
      size: 35211
    - path: data/interim/financial_fact_occurrences.parquet
      hash: md5
      md5: 680e94864825fd938f612a9531640491
      size: 118560
    - path: src/cnbr/config.py
      hash: md5
      md5: d5827f638b601ff323bff275cefb2c3e
      size: 20834
    - path: src/cnbr/financials/reconcile.py
      hash: md5
      md5: 3189a2a11ca6c942ff7b539b6c3d87ed
      size: 4832
    outs:
    - path: reports/tables/financial_reconciliation.json
      hash: md5
      md5: 69b0b583cca3bf4e62e4a7adc902e038
      size: 709
    - path: reports/tables/financial_reconciliation_sample.csv
      hash: md5
      md5: 6e9b9bc6b86d1894c44669a4f3eaf9d2
      size: 4946
