schema: '2.0'
stages:
  synthetic:
    cmd: python -m cnbr synthetic-run --config configs/data/synthetic.yaml
    deps:
    - path: configs/data/synthetic.yaml
      hash: md5
      md5: 987ab3dde3dfde5c070fd3b1f06442ca
      size: 303
    - path: src/cnbr/__main__.py
      hash: md5
      md5: a9c88551e985b4280c50b9475f1fcdb8
      size: 65
    - path: src/cnbr/cli.py
      hash: md5
      md5: 60e1e0e15bc602795928832f301cdfc9
      size: 2567
    - path: src/cnbr/config.py
      hash: md5
      md5: 56fe87b695a97ef7fba11122d349e3c5
      size: 4100
    - path: src/cnbr/logging.py
      hash: md5
      md5: 0db16ad957d085f020e18e930c38c87a
      size: 694
    - path: src/cnbr/run_context.py
      hash: md5
      md5: acbffdb065856e761e18c8707d073282
      size: 1832
    - path: src/cnbr/synthetic.py
      hash: md5
      md5: fcf8743f1da0a9b702b5f6afdda51312
      size: 4377
    - path: tests/fixtures/synthetic_calls.jsonl
      hash: md5
      md5: 40c8061022e68ae29aca41f7695beeef
      size: 2244
    outs:
    - path: data/features/synthetic_company_quarter.parquet
      hash: md5
      md5: feb700ab172f4c6c4c636f8ad294d4ae
      size: 3434
    - path: data/interim/synthetic_calls.parquet
      hash: md5
      md5: 008ca2efd053afd146257ece3cd9efe2
      size: 5108
    - path: reports/tables/synthetic_run.json
      hash: md5
      md5: cd7f82592852814629a7c0f09a896377
      size: 758
    - path: reports/tables/synthetic_summary.csv
      hash: md5
      md5: 75e7211a10f6c7eb526875247a9d1a31
      size: 88
  universe:
    cmd: python -m cnbr universe-build --config 
      configs/data/consumer_staples_universe.yaml
    deps:
    - path: configs/data/consumer_staples_universe.yaml
      hash: md5
      md5: af63f5e79a69cf27dcdd43a3b2b983dc
      size: 549
    - path: src/cnbr/config.py
      hash: md5
      md5: 56fe87b695a97ef7fba11122d349e3c5
      size: 4100
    - path: src/cnbr/registry
      hash: md5
      md5: 552af0294913a3fce7b481a83a8ea155.dir
      size: 10800
      nfiles: 4
    outs:
    - path: data/curated/company_universe-2026-09-05.manifest.json
      hash: md5
      md5: 45027ccdf1097aebf0474c3724a64cbb
      size: 701
    - path: data/curated/company_universe-2026-09-05.parquet
      hash: md5
      md5: 57d815c4cb7200cccc7493b57c06170c
      size: 6619
    - path: data/raw/reference/sp500-constituents-2026-09-05.csv
      hash: md5
      md5: 38e29d9064c87fe2dcfaaa83c34308d2
      size: 53646
  sec_spike:
    cmd: python -m cnbr sec-spike --config 
      configs/data/sec_feasibility_spike.yaml
    deps:
    - path: configs/data/sec_feasibility_spike.yaml
      hash: md5
      md5: e953ed419cc16aabce0696dbb95be489
      size: 660
    - path: src/cnbr/config.py
      hash: md5
      md5: 56fe87b695a97ef7fba11122d349e3c5
      size: 4100
    - path: src/cnbr/sources
      hash: md5
      md5: da507b1a32e410ad2395980f9191464c.dir
      size: 26961
      nfiles: 6
    outs:
    - path: data/raw/sec/feasibility-2026-09-05
      hash: md5
      md5: e9041d38342a83f4d771f343514a5cf7.dir
      size: 20894726
      nfiles: 10
    - path: data/raw/sec/feasibility-2026-09-05.manifest.json
      hash: md5
      md5: 56a52f6d390bf7e697b256b504302bf1
      size: 4009
  sec_coverage:
    cmd: python -m cnbr sec-coverage --config 
      configs/data/sec_concept_coverage.yaml
    deps:
    - path: configs/data/sec_concept_coverage.yaml
      hash: md5
      md5: 7283c0d915ee9af5ca19158f2d90c0a3
      size: 761
    - path: data/raw/sec/feasibility-2026-09-05
      hash: md5
      md5: e9041d38342a83f4d771f343514a5cf7.dir
      size: 20894726
      nfiles: 10
    - path: src/cnbr/config.py
      hash: md5
      md5: 56fe87b695a97ef7fba11122d349e3c5
      size: 4100
    - path: src/cnbr/financials
      hash: md5
      md5: 0dd06dfa9a1bb97de22171c8305218fa.dir
      size: 16076
      nfiles: 4
    outs:
    - path: reports/tables/sec_concept_coverage.csv
      hash: md5
      md5: 26dba81ca1b31cd082f914a2e13ce100
      size: 2608
    - path: reports/tables/sec_concept_coverage.json
      hash: md5
      md5: c0ea10fa6939cf8eb89268847d10c04f
      size: 2291
